PODS:
  - Alamofire (4.8.2)
  - Moya (13.0.1):
    - Moya/Core (= 13.0.1)
  - Moya/Core (13.0.1):
    - Alamofire (~> 4.1)
    - Result (~> 4.1)
  - Result (4.1.0)
  - SWLoremPicsumSDK (0.0.4):
    - Moya (~> 13.0)

DEPENDENCIES:
  - SWLoremPicsumSDK (from `./../`)

SPEC REPOS:
  https://github.com/cocoapods/specs.git:
    - Alamofire
    - Moya
    - Result

EXTERNAL SOURCES:
  SWLoremPicsumSDK:
    :path: "./../"

SPEC CHECKSUMS:
  Alamofire: ae5c501addb7afdbb13687d7f2f722c78734c2d3
  Moya: f4a4b80ff2f8a4ffc208dfb31cd91636622fee6e
  Result: bd966fac789cc6c1563440b348ab2598cc24d5c7
  SWLoremPicsumSDK: d7df111f3bcd57e2ad0bae61b70304301e2e6179

PODFILE CHECKSUM: 2e2dd8183d365cbed72bceb955abe562587889eb

COCOAPODS: 1.6.0
